
Microsoft Visual Studio Solution File, Format Version 12.00
# Visual Studio Version 16
VisualStudioVersion = 16.0.30503.244
MinimumVisualStudioVersion = 10.0.40219.1
Project("{FAE04EC0-301F-11D3-BF4B-00C04F79EFBC}") = "WorkWithFiles", "WorkWithFiles\WorkWithFiles.csproj", "{89408A79-3058-414B-AA3D-4619E5CC7BEF}"
EndProject
Global
	GlobalSection(SolutionConfigurationPlatforms) = preSolution
		Debug|Any CPU = Debug|Any CPU
		Release|Any CPU = Release|Any CPU
	EndGlobalSection
	GlobalSection(ProjectConfigurationPlatforms) = postSolution
		{89408A79-3058-414B-AA3D-4619E5CC7BEF}.Debug|Any CPU.ActiveCfg = Debug|Any CPU
		{89408A79-3058-414B-AA3D-4619E5CC7BEF}.Debug|Any CPU.Build.0 = Debug|Any CPU
		{89408A79-3058-414B-AA3D-4619E5CC7BEF}.Release|Any CPU.ActiveCfg = Release|Any CPU
		{89408A79-3058-414B-AA3D-4619E5CC7BEF}.Release|Any CPU.Build.0 = Release|Any CPU
	EndGlobalSection
	GlobalSection(SolutionProperties) = preSolution
		HideSolutionNode = FALSE
	EndGlobalSection
	GlobalSection(ExtensibilityGlobals) = postSolution
		SolutionGuid = {B0C001E9-4AB1-4995-B61C-4ACF9A58EA84}
	EndGlobalSection
EndGlobal
